
Microsoft Visual Studio Solution File, Format Version 12.00
# Visual Studio 2013
VisualStudioVersion = 12.0.30723.0
MinimumVisualStudioVersion = 10.0.40219.1
Project("{FAE04EC0-301F-11D3-BF4B-00C04F79EFBC}") = "HelloNancyOnAzure", "HelloNancyOnAzure\HelloNancyOnAzure.csproj", "{C9F67AD0-610E-49AB-91D5-3B4E3C1DB94C}"
EndProject
Project("{FAE04EC0-301F-11D3-BF4B-00C04F79EFBC}") = "HelloNancyOnAzure.Tests", "HelloNancyOnAzure.Tests\HelloNancyOnAzure.Tests.csproj", "{083A9663-3586-4BF9-BFC0-137C8FEC2D26}"
EndProject
Project("{2150E333-8FDC-42A3-9474-1A3956D46DE8}") = "PublishScripts", "PublishScripts", "{39207FCF-11A7-4D37-B391-A26FD46CCC8B}"
	ProjectSection(SolutionItems) = preProject
		PublishScripts\AzureWebsitePublishModule.psm1 = PublishScripts\AzureWebsitePublishModule.psm1
		PublishScripts\Publish-WebApplicationWebsite.ps1 = PublishScripts\Publish-WebApplicationWebsite.ps1
	EndProjectSection
EndProject
Project("{2150E333-8FDC-42A3-9474-1A3956D46DE8}") = "Configurations", "Configurations", "{6F472BF0-0CF7-4A20-94C9-A0919C65D95E}"
	ProjectSection(SolutionItems) = preProject
		PublishScripts\Configurations\HelloNancyOnAzure-WAWS-dev.json = PublishScripts\Configurations\HelloNancyOnAzure-WAWS-dev.json
	EndProjectSection
EndProject
Project("{2150E333-8FDC-42A3-9474-1A3956D46DE8}") = ".nuget", ".nuget", "{7E80F92E-801F-4F70-80A5-0D46BB52A321}"
	ProjectSection(SolutionItems) = preProject
		.nuget\packages.config = .nuget\packages.config
	EndProjectSection
EndProject
Global
	GlobalSection(SolutionConfigurationPlatforms) = preSolution
		Debug|Any CPU = Debug|Any CPU
		Release|Any CPU = Release|Any CPU
	EndGlobalSection
	GlobalSection(ProjectConfigurationPlatforms) = postSolution
		{C9F67AD0-610E-49AB-91D5-3B4E3C1DB94C}.Debug|Any CPU.ActiveCfg = Debug|Any CPU
		{C9F67AD0-610E-49AB-91D5-3B4E3C1DB94C}.Debug|Any CPU.Build.0 = Debug|Any CPU
		{C9F67AD0-610E-49AB-91D5-3B4E3C1DB94C}.Release|Any CPU.ActiveCfg = Release|Any CPU
		{C9F67AD0-610E-49AB-91D5-3B4E3C1DB94C}.Release|Any CPU.Build.0 = Release|Any CPU
		{083A9663-3586-4BF9-BFC0-137C8FEC2D26}.Debug|Any CPU.ActiveCfg = Debug|Any CPU
		{083A9663-3586-4BF9-BFC0-137C8FEC2D26}.Debug|Any CPU.Build.0 = Debug|Any CPU
		{083A9663-3586-4BF9-BFC0-137C8FEC2D26}.Release|Any CPU.ActiveCfg = Release|Any CPU
		{083A9663-3586-4BF9-BFC0-137C8FEC2D26}.Release|Any CPU.Build.0 = Release|Any CPU
	EndGlobalSection
	GlobalSection(SolutionProperties) = preSolution
		HideSolutionNode = FALSE
	EndGlobalSection
	GlobalSection(NestedProjects) = preSolution
		{6F472BF0-0CF7-4A20-94C9-A0919C65D95E} = {39207FCF-11A7-4D37-B391-A26FD46CCC8B}
	EndGlobalSection
EndGlobal
